<?xml version="1.0" encoding="utf-8"?>
<Project ToolsVersion="4.0" xmlns="http://schemas.microsoft.com/developer/msbuild/2003">
  <ItemGroup>
    <Filter Include="AppMain">
      <UniqueIdentifier>{6629b3d9-7d4b-419e-b49e-708b6e95c9b4}</UniqueIdentifier>
    </Filter>
    <Filter Include="Game">
      <UniqueIdentifier>{f6496bf3-0ff2-4c77-99df-89d241e0ae23}</UniqueIdentifier>
    </Filter>
    <Filter Include="Net">
      <UniqueIdentifier>{a67de857-150d-490e-b2cc-10ce0a72e7e6}</UniqueIdentifier>
    </Filter>
  </ItemGroup>
  <ItemGroup>
    <ClCompile Include="..\..\Source\AppMain\main.cpp">
      <Filter>AppMain</Filter>
    </ClCompile>
    <ClCompile Include="..\..\Source\AppMain\MyApp.cpp">
      <Filter>AppMain</Filter>
    </ClCompile>
  </ItemGroup>
  <ItemGroup>
    <ClInclude Include="..\..\Source\AppMain\MyApp.h">
      <Filter>AppMain</Filter>
    </ClInclude>
  </ItemGroup>
</Project>